// !$*UTF8*$!
{
	archiveVersion = 1;
	classes = {
	};
	objectVersion = 46;
	objects = {

/* Begin PBXBuildFile section */
		B6082BA81CB2CDC600F58B14 /* OsTests.swift in Sources */ = {isa = PBXBuildFile; fileRef = B6082BA61CB2CD6100F58B14 /* OsTests.swift */; };
		B6082BC51CB2E6CB00F58B14 /* BufferTests.swift in Sources */ = {isa = PBXBuildFile; fileRef = B6082BC31CB2E65900F58B14 /* BufferTests.swift */; };
		B61B0DE81C56AF54001C73D3 /* String.swift in Sources */ = {isa = PBXBuildFile; fileRef = B61B0DE71C56AF54001C73D3 /* String.swift */; };
		B61CF8B41C554D5500CF6C50 /* Cluster.swift in Sources */ = {isa = PBXBuildFile; fileRef = B61CF8B31C554D5500CF6C50 /* Cluster.swift */; };
		B61CF8B61C554D7B00CF6C50 /* OS.swift in Sources */ = {isa = PBXBuildFile; fileRef = B61CF8B51C554D7B00CF6C50 /* OS.swift */; };
		B622E6551C5FD0B50042859C /* TCPServer.swift in Sources */ = {isa = PBXBuildFile; fileRef = B622E6541C5FD0B50042859C /* TCPServer.swift */; };
		B622E6571C5FD0DA0042859C /* PipeServer.swift in Sources */ = {isa = PBXBuildFile; fileRef = B622E6561C5FD0DA0042859C /* PipeServer.swift */; };
		B6262E6A1C70D2E200917437 /* FileStat.swift in Sources */ = {isa = PBXBuildFile; fileRef = B6262E691C70D2E200917437 /* FileStat.swift */; };
		B6295E931C870FA90084A684 /* QueueWork.swift in Sources */ = {isa = PBXBuildFile; fileRef = B6295E921C870FA90084A684 /* QueueWork.swift */; };
		B632F2821C4B75D200EB3BF1 /* FileReader.swift in Sources */ = {isa = PBXBuildFile; fileRef = B632F2811C4B75D200EB3BF1 /* FileReader.swift */; };
		B63354DC1C8827FA005EA8D9 /* Idle.swift in Sources */ = {isa = PBXBuildFile; fileRef = B63354DB1C8827FA005EA8D9 /* Idle.swift */; };
		B63354DD1C88281B005EA8D9 /* Idle.swift in Sources */ = {isa = PBXBuildFile; fileRef = B63354DB1C8827FA005EA8D9 /* Idle.swift */; };
		B6395E371C821A9100DB3084 /* Handle.swift in Sources */ = {isa = PBXBuildFile; fileRef = B6395E361C821A9100DB3084 /* Handle.swift */; };
		B6395E381C821D6700DB3084 /* Handle.swift in Sources */ = {isa = PBXBuildFile; fileRef = B6395E361C821A9100DB3084 /* Handle.swift */; };
		B6599BCD1C73B1E800CD70A2 /* Stream.swift in Sources */ = {isa = PBXBuildFile; fileRef = B6F20B811C438C6300A270CF /* Stream.swift */; };
		B6599BD01C73B1E800CD70A2 /* Tcp.swift in Sources */ = {isa = PBXBuildFile; fileRef = B6F20B851C438C7300A270CF /* Tcp.swift */; };
		B6599BD11C73B1E800CD70A2 /* SuvError.swift in Sources */ = {isa = PBXBuildFile; fileRef = B69D872E1C43A1B6000D4614 /* SuvError.swift */; };
		B6599BD21C73B1E800CD70A2 /* Address.swift in Sources */ = {isa = PBXBuildFile; fileRef = B68A52C21C456F0A000CC351 /* Address.swift */; };
		B6599BD31C73B1E800CD70A2 /* Loop.swift in Sources */ = {isa = PBXBuildFile; fileRef = B68A52C41C456F11000CC351 /* Loop.swift */; };
		B6599BD41C73B1E800CD70A2 /* RunMode.swift in Sources */ = {isa = PBXBuildFile; fileRef = B68A52C61C456F5F000CC351 /* RunMode.swift */; };
		B6599BD51C73B1E800CD70A2 /* Buffer.swift in Sources */ = {isa = PBXBuildFile; fileRef = B6FD25A31C46C3D300A08245 /* Buffer.swift */; };
		B6599BD71C73B1E800CD70A2 /* FS.swift in Sources */ = {isa = PBXBuildFile; fileRef = B66AFEE31C52AFB600D7609F /* FS.swift */; };
		B6599BD81C73B1E800CD70A2 /* FileReader.swift in Sources */ = {isa = PBXBuildFile; fileRef = B632F2811C4B75D200EB3BF1 /* FileReader.swift */; };
		B6599BD91C73B1E800CD70A2 /* FileWriter.swift in Sources */ = {isa = PBXBuildFile; fileRef = B66AFEE51C52B15600D7609F /* FileWriter.swift */; };
		B6599BDA1C73B1E800CD70A2 /* ChildProcess.swift in Sources */ = {isa = PBXBuildFile; fileRef = B6635D1E1C555FB600D8EE19 /* ChildProcess.swift */; };
		B6599BDB1C73B1E800CD70A2 /* SpawnedProcess.swift in Sources */ = {isa = PBXBuildFile; fileRef = B6AE6D2D1C52C7F800E5192F /* SpawnedProcess.swift */; };
		B6599BDC1C73B1E800CD70A2 /* Spawn.swift in Sources */ = {isa = PBXBuildFile; fileRef = B6ECE5CA1C535C3500D5D2C3 /* Spawn.swift */; };
		B6599BDD1C73B1E800CD70A2 /* support.swift in Sources */ = {isa = PBXBuildFile; fileRef = B6ECE5CC1C53647500D5D2C3 /* support.swift */; };
		B6599BDE1C73B1E800CD70A2 /* Cluster.swift in Sources */ = {isa = PBXBuildFile; fileRef = B61CF8B31C554D5500CF6C50 /* Cluster.swift */; };
		B6599BDF1C73B1E800CD70A2 /* Worker.swift in Sources */ = {isa = PBXBuildFile; fileRef = B6E900611C5670E900795F6B /* Worker.swift */; };
		B6599BE01C73B1E800CD70A2 /* OS.swift in Sources */ = {isa = PBXBuildFile; fileRef = B61CF8B51C554D7B00CF6C50 /* OS.swift */; };
		B6599BE11C73B1E800CD70A2 /* String.swift in Sources */ = {isa = PBXBuildFile; fileRef = B61B0DE71C56AF54001C73D3 /* String.swift */; };
		B6599BE21C73B1E800CD70A2 /* Pipe.swift in Sources */ = {isa = PBXBuildFile; fileRef = B6781B601C5745D700497298 /* Pipe.swift */; };
		B6599BE31C73B1E800CD70A2 /* Runtime.swift in Sources */ = {isa = PBXBuildFile; fileRef = B6EE150A1C5A7CA300FB0CCA /* Runtime.swift */; };
		B6599BE41C73B1E800CD70A2 /* Signal.swift in Sources */ = {isa = PBXBuildFile; fileRef = B6BE3A3A1C5E7C0B005CE911 /* Signal.swift */; };
		B6599BE51C73B1E800CD70A2 /* TCPServer.swift in Sources */ = {isa = PBXBuildFile; fileRef = B622E6541C5FD0B50042859C /* TCPServer.swift */; };
		B6599BE61C73B1E800CD70A2 /* PipeServer.swift in Sources */ = {isa = PBXBuildFile; fileRef = B622E6561C5FD0DA0042859C /* PipeServer.swift */; };
		B6599BE71C73B1E800CD70A2 /* ServerType.swift in Sources */ = {isa = PBXBuildFile; fileRef = B697FF2C1C5C7C8B00D14C3E /* ServerType.swift */; };
		B6599BE81C73B1E800CD70A2 /* Base64.swift in Sources */ = {isa = PBXBuildFile; fileRef = B6ED36EF1C65DEB2005F5986 /* Base64.swift */; };
		B6599BEB1C73B1E800CD70A2 /* Time.swift in Sources */ = {isa = PBXBuildFile; fileRef = B6881F411C67D493004F34B1 /* Time.swift */; };
		B6599BEC1C73B1E800CD70A2 /* OpenFlag.swift in Sources */ = {isa = PBXBuildFile; fileRef = B6F57F8A1C6F97DF00E9A7B5 /* OpenFlag.swift */; };
		B6599BED1C73B1E800CD70A2 /* FileStat.swift in Sources */ = {isa = PBXBuildFile; fileRef = B6262E691C70D2E200917437 /* FileStat.swift */; };
		B6635D1F1C555FB600D8EE19 /* ChildProcess.swift in Sources */ = {isa = PBXBuildFile; fileRef = B6635D1E1C555FB600D8EE19 /* ChildProcess.swift */; };
		B66AFEE41C52AFB600D7609F /* FS.swift in Sources */ = {isa = PBXBuildFile; fileRef = B66AFEE31C52AFB600D7609F /* FS.swift */; };
		B66AFEE61C52B15600D7609F /* FileWriter.swift in Sources */ = {isa = PBXBuildFile; fileRef = B66AFEE51C52B15600D7609F /* FileWriter.swift */; };
		B66C66531CB26A010066F97D /* ClusterTests.swift in Sources */ = {isa = PBXBuildFile; fileRef = B636D7EC1CB24B2800CEC5CD /* ClusterTests.swift */; };
		B6781B611C5745D700497298 /* Pipe.swift in Sources */ = {isa = PBXBuildFile; fileRef = B6781B601C5745D700497298 /* Pipe.swift */; };
		B68033AB1C763BA00075C87C /* Timer.swift in Sources */ = {isa = PBXBuildFile; fileRef = B6B19FFF1C7630E100E6C595 /* Timer.swift */; };
		B6881F421C67D493004F34B1 /* Time.swift in Sources */ = {isa = PBXBuildFile; fileRef = B6881F411C67D493004F34B1 /* Time.swift */; };
		B68A23921CAEFA2200D75386 /* ReadableStream.swift in Sources */ = {isa = PBXBuildFile; fileRef = B68A23901CAEFA2200D75386 /* ReadableStream.swift */; };
		B68A23931CAEFA2200D75386 /* WritableStream.swift in Sources */ = {isa = PBXBuildFile; fileRef = B68A23911CAEFA2200D75386 /* WritableStream.swift */; };
		B68A23941CB1912A00D75386 /* ReadableStream.swift in Sources */ = {isa = PBXBuildFile; fileRef = B68A23901CAEFA2200D75386 /* ReadableStream.swift */; };
		B68A23951CB1912D00D75386 /* WritableStream.swift in Sources */ = {isa = PBXBuildFile; fileRef = B68A23911CAEFA2200D75386 /* WritableStream.swift */; };
		B68A52C31C456F0A000CC351 /* Address.swift in Sources */ = {isa = PBXBuildFile; fileRef = B68A52C21C456F0A000CC351 /* Address.swift */; };
		B68A52C51C456F11000CC351 /* Loop.swift in Sources */ = {isa = PBXBuildFile; fileRef = B68A52C41C456F11000CC351 /* Loop.swift */; };
		B68A52C71C456F5F000CC351 /* RunMode.swift in Sources */ = {isa = PBXBuildFile; fileRef = B68A52C61C456F5F000CC351 /* RunMode.swift */; };
		B697FF2D1C5C7C8B00D14C3E /* ServerType.swift in Sources */ = {isa = PBXBuildFile; fileRef = B697FF2C1C5C7C8B00D14C3E /* ServerType.swift */; };
		B69D872F1C43A1B6000D4614 /* SuvError.swift in Sources */ = {isa = PBXBuildFile; fileRef = B69D872E1C43A1B6000D4614 /* SuvError.swift */; };
		B6AE6D2E1C52C7F800E5192F /* SpawnedProcess.swift in Sources */ = {isa = PBXBuildFile; fileRef = B6AE6D2D1C52C7F800E5192F /* SpawnedProcess.swift */; };
		B6B1A0001C7630E100E6C595 /* Timer.swift in Sources */ = {isa = PBXBuildFile; fileRef = B6B19FFF1C7630E100E6C595 /* Timer.swift */; };
		B6BE3A3B1C5E7C0B005CE911 /* Signal.swift in Sources */ = {isa = PBXBuildFile; fileRef = B6BE3A3A1C5E7C0B005CE911 /* Signal.swift */; };
		B6C403531C88C71F00755509 /* QueueWork.swift in Sources */ = {isa = PBXBuildFile; fileRef = B6295E921C870FA90084A684 /* QueueWork.swift */; };
		B6CBB50F1C74E50800F8FCB3 /* DNS.swift in Sources */ = {isa = PBXBuildFile; fileRef = B6CBB50E1C74E50800F8FCB3 /* DNS.swift */; };
		B6CBB5111C74E8B800F8FCB3 /* Result.swift in Sources */ = {isa = PBXBuildFile; fileRef = B6CBB5101C74E8B800F8FCB3 /* Result.swift */; };
		B6CBB5141C74E97500F8FCB3 /* Result.swift in Sources */ = {isa = PBXBuildFile; fileRef = B6CBB5101C74E8B800F8FCB3 /* Result.swift */; };
		B6E900621C5670E900795F6B /* Worker.swift in Sources */ = {isa = PBXBuildFile; fileRef = B6E900611C5670E900795F6B /* Worker.swift */; };
		B6E992CF1C89E2B700867A5D /* ChildProcessTests.swift in Sources */ = {isa = PBXBuildFile; fileRef = B6E992B71C89E2AA00867A5D /* ChildProcessTests.swift */; };
		B6E992D11C89E2B700867A5D /* DNSTests.swift in Sources */ = {isa = PBXBuildFile; fileRef = B6E992B91C89E2AA00867A5D /* DNSTests.swift */; };
		B6E992D41C89E2B700867A5D /* FsTests.swift in Sources */ = {isa = PBXBuildFile; fileRef = B6E992BC1C89E2AA00867A5D /* FsTests.swift */; };
		B6E992D51C89E2B700867A5D /* IdleTests.swift in Sources */ = {isa = PBXBuildFile; fileRef = B6E992BD1C89E2AA00867A5D /* IdleTests.swift */; };
		B6E992D61C89E2B700867A5D /* PipeTests.swift in Sources */ = {isa = PBXBuildFile; fileRef = B6E992BE1C89E2AA00867A5D /* PipeTests.swift */; };
		B6E992D71C89E2B700867A5D /* QueueWorkerTests.swift in Sources */ = {isa = PBXBuildFile; fileRef = B6E992BF1C89E2AA00867A5D /* QueueWorkerTests.swift */; };
		B6E992D81C89E2B700867A5D /* TcpTests.swift in Sources */ = {isa = PBXBuildFile; fileRef = B6E992C01C89E2AA00867A5D /* TcpTests.swift */; };
		B6E992D91C89E2B700867A5D /* test_support.swift in Sources */ = {isa = PBXBuildFile; fileRef = B6E992C11C89E2AA00867A5D /* test_support.swift */; };
		B6E992DA1C89E2B700867A5D /* TimerTests.swift in Sources */ = {isa = PBXBuildFile; fileRef = B6E992C21C89E2AA00867A5D /* TimerTests.swift */; };
		B6ECE5CB1C535C3500D5D2C3 /* Spawn.swift in Sources */ = {isa = PBXBuildFile; fileRef = B6ECE5CA1C535C3500D5D2C3 /* Spawn.swift */; };
		B6ECE5CD1C53647500D5D2C3 /* support.swift in Sources */ = {isa = PBXBuildFile; fileRef = B6ECE5CC1C53647500D5D2C3 /* support.swift */; };
		B6ED36F01C65DEB2005F5986 /* Base64.swift in Sources */ = {isa = PBXBuildFile; fileRef = B6ED36EF1C65DEB2005F5986 /* Base64.swift */; };
		B6EE150B1C5A7CA300FB0CCA /* Runtime.swift in Sources */ = {isa = PBXBuildFile; fileRef = B6EE150A1C5A7CA300FB0CCA /* Runtime.swift */; };
		B6F20B6A1C438BFA00A270CF /* Suv.h in Headers */ = {isa = PBXBuildFile; fileRef = B6F20B691C438BFA00A270CF /* Suv.h */; settings = {ATTRIBUTES = (Public, ); }; };
		B6F20B821C438C6300A270CF /* Stream.swift in Sources */ = {isa = PBXBuildFile; fileRef = B6F20B811C438C6300A270CF /* Stream.swift */; };
		B6F20B861C438C7300A270CF /* Tcp.swift in Sources */ = {isa = PBXBuildFile; fileRef = B6F20B851C438C7300A270CF /* Tcp.swift */; };
		B6F57F8B1C6F97DF00E9A7B5 /* OpenFlag.swift in Sources */ = {isa = PBXBuildFile; fileRef = B6F57F8A1C6F97DF00E9A7B5 /* OpenFlag.swift */; };
		B6F972101C74EB1D0010FAEB /* DNS.swift in Sources */ = {isa = PBXBuildFile; fileRef = B6CBB50E1C74E50800F8FCB3 /* DNS.swift */; };
		B6FD25A41C46C3D300A08245 /* Buffer.swift in Sources */ = {isa = PBXBuildFile; fileRef = B6FD25A31C46C3D300A08245 /* Buffer.swift */; };
		B6FD25C01C46D58100A08245 /* SuvTests.swift in Sources */ = {isa = PBXBuildFile; fileRef = B6FD25BF1C46D58100A08245 /* SuvTests.swift */; };
		B6FD25C21C46D58100A08245 /* Suv.framework in Frameworks */ = {isa = PBXBuildFile; fileRef = B6F20B661C438BFA00A270CF /* Suv.framework */; };
/* End PBXBuildFile section */

/* Begin PBXContainerItemProxy section */
		B6FD25C31C46D58100A08245 /* PBXContainerItemProxy */ = {
			isa = PBXContainerItemProxy;
			containerPortal = B6F20B5D1C438BFA00A270CF /* Project object */;
			proxyType = 1;
			remoteGlobalIDString = B6F20B651C438BFA00A270CF;
			remoteInfo = SwiftLibUv;
		};
/* End PBXContainerItemProxy section */

/* Begin PBXFileReference section */
		B6082BA61CB2CD6100F58B14 /* OsTests.swift */ = {isa = PBXFileReference; fileEncoding = 4; lastKnownFileType = sourcecode.swift; path = OsTests.swift; sourceTree = "<group>"; };
		B6082BC31CB2E65900F58B14 /* BufferTests.swift */ = {isa = PBXFileReference; fileEncoding = 4; lastKnownFileType = sourcecode.swift; path = BufferTests.swift; sourceTree = "<group>"; };
		B61B0DE71C56AF54001C73D3 /* String.swift */ = {isa = PBXFileReference; fileEncoding = 4; lastKnownFileType = sourcecode.swift; path = String.swift; sourceTree = "<group>"; };
		B61CF8B31C554D5500CF6C50 /* Cluster.swift */ = {isa = PBXFileReference; fileEncoding = 4; lastKnownFileType = sourcecode.swift; path = Cluster.swift; sourceTree = "<group>"; };
		B61CF8B51C554D7B00CF6C50 /* OS.swift */ = {isa = PBXFileReference; fileEncoding = 4; lastKnownFileType = sourcecode.swift; path = OS.swift; sourceTree = "<group>"; };
		B622E6541C5FD0B50042859C /* TCPServer.swift */ = {isa = PBXFileReference; fileEncoding = 4; lastKnownFileType = sourcecode.swift; path = TCPServer.swift; sourceTree = "<group>"; };
		B622E6561C5FD0DA0042859C /* PipeServer.swift */ = {isa = PBXFileReference; fileEncoding = 4; lastKnownFileType = sourcecode.swift; path = PipeServer.swift; sourceTree = "<group>"; };
		B6262E691C70D2E200917437 /* FileStat.swift */ = {isa = PBXFileReference; fileEncoding = 4; lastKnownFileType = sourcecode.swift; path = FileStat.swift; sourceTree = "<group>"; };
		B6295E921C870FA90084A684 /* QueueWork.swift */ = {isa = PBXFileReference; fileEncoding = 4; lastKnownFileType = sourcecode.swift; path = QueueWork.swift; sourceTree = "<group>"; };
		B632F2811C4B75D200EB3BF1 /* FileReader.swift */ = {isa = PBXFileReference; fileEncoding = 4; lastKnownFileType = sourcecode.swift; path = FileReader.swift; sourceTree = "<group>"; };
		B63354DB1C8827FA005EA8D9 /* Idle.swift */ = {isa = PBXFileReference; fileEncoding = 4; lastKnownFileType = sourcecode.swift; path = Idle.swift; sourceTree = "<group>"; };
		B636D7EC1CB24B2800CEC5CD /* ClusterTests.swift */ = {isa = PBXFileReference; fileEncoding = 4; lastKnownFileType = sourcecode.swift; path = ClusterTests.swift; sourceTree = "<group>"; };
		B6395E361C821A9100DB3084 /* Handle.swift */ = {isa = PBXFileReference; fileEncoding = 4; lastKnownFileType = sourcecode.swift; path = Handle.swift; sourceTree = "<group>"; };
		B65785C71C6F3866005B98FB /* LinuxMain.swift */ = {isa = PBXFileReference; fileEncoding = 4; lastKnownFileType = sourcecode.swift; path = LinuxMain.swift; sourceTree = "<group>"; };
		B6635D1E1C555FB600D8EE19 /* ChildProcess.swift */ = {isa = PBXFileReference; fileEncoding = 4; lastKnownFileType = sourcecode.swift; path = ChildProcess.swift; sourceTree = "<group>"; };
		B66AFEE31C52AFB600D7609F /* FS.swift */ = {isa = PBXFileReference; fileEncoding = 4; lastKnownFileType = sourcecode.swift; path = FS.swift; sourceTree = "<group>"; };
		B66AFEE51C52B15600D7609F /* FileWriter.swift */ = {isa = PBXFileReference; fileEncoding = 4; lastKnownFileType = sourcecode.swift; path = FileWriter.swift; sourceTree = "<group>"; };
		B6781B601C5745D700497298 /* Pipe.swift */ = {isa = PBXFileReference; fileEncoding = 4; lastKnownFileType = sourcecode.swift; path = Pipe.swift; sourceTree = "<group>"; };
		B6881F411C67D493004F34B1 /* Time.swift */ = {isa = PBXFileReference; fileEncoding = 4; lastKnownFileType = sourcecode.swift; path = Time.swift; sourceTree = "<group>"; };
		B68A23901CAEFA2200D75386 /* ReadableStream.swift */ = {isa = PBXFileReference; fileEncoding = 4; lastKnownFileType = sourcecode.swift; path = ReadableStream.swift; sourceTree = "<group>"; };
		B68A23911CAEFA2200D75386 /* WritableStream.swift */ = {isa = PBXFileReference; fileEncoding = 4; lastKnownFileType = sourcecode.swift; path = WritableStream.swift; sourceTree = "<group>"; };
		B68A52C21C456F0A000CC351 /* Address.swift */ = {isa = PBXFileReference; fileEncoding = 4; lastKnownFileType = sourcecode.swift; path = Address.swift; sourceTree = "<group>"; };
		B68A52C41C456F11000CC351 /* Loop.swift */ = {isa = PBXFileReference; fileEncoding = 4; lastKnownFileType = sourcecode.swift; path = Loop.swift; sourceTree = "<group>"; };
		B68A52C61C456F5F000CC351 /* RunMode.swift */ = {isa = PBXFileReference; fileEncoding = 4; lastKnownFileType = sourcecode.swift; path = RunMode.swift; sourceTree = "<group>"; };
		B697FF2C1C5C7C8B00D14C3E /* ServerType.swift */ = {isa = PBXFileReference; fileEncoding = 4; lastKnownFileType = sourcecode.swift; path = ServerType.swift; sourceTree = "<group>"; };
		B69D872E1C43A1B6000D4614 /* SuvError.swift */ = {isa = PBXFileReference; fileEncoding = 4; lastKnownFileType = sourcecode.swift; path = SuvError.swift; sourceTree = "<group>"; };
		B6AE6D2D1C52C7F800E5192F /* SpawnedProcess.swift */ = {isa = PBXFileReference; fileEncoding = 4; lastKnownFileType = sourcecode.swift; path = SpawnedProcess.swift; sourceTree = "<group>"; };
		B6B19FFF1C7630E100E6C595 /* Timer.swift */ = {isa = PBXFileReference; fileEncoding = 4; lastKnownFileType = sourcecode.swift; path = Timer.swift; sourceTree = "<group>"; };
		B6BE3A3A1C5E7C0B005CE911 /* Signal.swift */ = {isa = PBXFileReference; fileEncoding = 4; lastKnownFileType = sourcecode.swift; path = Signal.swift; sourceTree = "<group>"; };
		B6CBB50E1C74E50800F8FCB3 /* DNS.swift */ = {isa = PBXFileReference; fileEncoding = 4; lastKnownFileType = sourcecode.swift; path = DNS.swift; sourceTree = "<group>"; };
		B6CBB5101C74E8B800F8FCB3 /* Result.swift */ = {isa = PBXFileReference; fileEncoding = 4; lastKnownFileType = sourcecode.swift; path = Result.swift; sourceTree = "<group>"; };
		B6E900611C5670E900795F6B /* Worker.swift */ = {isa = PBXFileReference; fileEncoding = 4; lastKnownFileType = sourcecode.swift; path = Worker.swift; sourceTree = "<group>"; };
		B6E992B71C89E2AA00867A5D /* ChildProcessTests.swift */ = {isa = PBXFileReference; fileEncoding = 4; lastKnownFileType = sourcecode.swift; path = ChildProcessTests.swift; sourceTree = "<group>"; };
		B6E992B91C89E2AA00867A5D /* DNSTests.swift */ = {isa = PBXFileReference; fileEncoding = 4; lastKnownFileType = sourcecode.swift; path = DNSTests.swift; sourceTree = "<group>"; };
		B6E992BC1C89E2AA00867A5D /* FsTests.swift */ = {isa = PBXFileReference; fileEncoding = 4; lastKnownFileType = sourcecode.swift; path = FsTests.swift; sourceTree = "<group>"; };
		B6E992BD1C89E2AA00867A5D /* IdleTests.swift */ = {isa = PBXFileReference; fileEncoding = 4; lastKnownFileType = sourcecode.swift; path = IdleTests.swift; sourceTree = "<group>"; };
		B6E992BE1C89E2AA00867A5D /* PipeTests.swift */ = {isa = PBXFileReference; fileEncoding = 4; lastKnownFileType = sourcecode.swift; path = PipeTests.swift; sourceTree = "<group>"; };
		B6E992BF1C89E2AA00867A5D /* QueueWorkerTests.swift */ = {isa = PBXFileReference; fileEncoding = 4; lastKnownFileType = sourcecode.swift; path = QueueWorkerTests.swift; sourceTree = "<group>"; };
		B6E992C01C89E2AA00867A5D /* TcpTests.swift */ = {isa = PBXFileReference; fileEncoding = 4; lastKnownFileType = sourcecode.swift; path = TcpTests.swift; sourceTree = "<group>"; };
		B6E992C11C89E2AA00867A5D /* test_support.swift */ = {isa = PBXFileReference; fileEncoding = 4; lastKnownFileType = sourcecode.swift; path = test_support.swift; sourceTree = "<group>"; };
		B6E992C21C89E2AA00867A5D /* TimerTests.swift */ = {isa = PBXFileReference; fileEncoding = 4; lastKnownFileType = sourcecode.swift; path = TimerTests.swift; sourceTree = "<group>"; };
		B6ECE5CA1C535C3500D5D2C3 /* Spawn.swift */ = {isa = PBXFileReference; fileEncoding = 4; lastKnownFileType = sourcecode.swift; path = Spawn.swift; sourceTree = "<group>"; };
		B6ECE5CC1C53647500D5D2C3 /* support.swift */ = {isa = PBXFileReference; fileEncoding = 4; lastKnownFileType = sourcecode.swift; path = support.swift; sourceTree = "<group>"; };
		B6ED36EF1C65DEB2005F5986 /* Base64.swift */ = {isa = PBXFileReference; fileEncoding = 4; lastKnownFileType = sourcecode.swift; path = Base64.swift; sourceTree = "<group>"; };
		B6EE150A1C5A7CA300FB0CCA /* Runtime.swift */ = {isa = PBXFileReference; fileEncoding = 4; lastKnownFileType = sourcecode.swift; path = Runtime.swift; sourceTree = "<group>"; };
		B6F20B661C438BFA00A270CF /* Suv.framework */ = {isa = PBXFileReference; explicitFileType = wrapper.framework; includeInIndex = 0; path = Suv.framework; sourceTree = BUILT_PRODUCTS_DIR; };
		B6F20B691C438BFA00A270CF /* Suv.h */ = {isa = PBXFileReference; lastKnownFileType = sourcecode.c.h; path = Suv.h; sourceTree = "<group>"; };
		B6F20B6B1C438BFA00A270CF /* Info.plist */ = {isa = PBXFileReference; lastKnownFileType = text.plist.xml; path = Info.plist; sourceTree = "<group>"; };
		B6F20B811C438C6300A270CF /* Stream.swift */ = {isa = PBXFileReference; fileEncoding = 4; lastKnownFileType = sourcecode.swift; path = Stream.swift; sourceTree = "<group>"; };
		B6F20B851C438C7300A270CF /* Tcp.swift */ = {isa = PBXFileReference; fileEncoding = 4; lastKnownFileType = sourcecode.swift; path = Tcp.swift; sourceTree = "<group>"; };
		B6F57F8A1C6F97DF00E9A7B5 /* OpenFlag.swift */ = {isa = PBXFileReference; fileEncoding = 4; lastKnownFileType = sourcecode.swift; path = OpenFlag.swift; sourceTree = "<group>"; };
		B6FD25A31C46C3D300A08245 /* Buffer.swift */ = {isa = PBXFileReference; fileEncoding = 4; lastKnownFileType = sourcecode.swift; path = Buffer.swift; sourceTree = "<group>"; };
		B6FD25BD1C46D58100A08245 /* Suv.xctest */ = {isa = PBXFileReference; explicitFileType = wrapper.cfbundle; includeInIndex = 0; path = Suv.xctest; sourceTree = BUILT_PRODUCTS_DIR; };
		B6FD25BF1C46D58100A08245 /* SuvTests.swift */ = {isa = PBXFileReference; lastKnownFileType = sourcecode.swift; path = SuvTests.swift; sourceTree = "<group>"; };
		B6FD25C11C46D58100A08245 /* Info.plist */ = {isa = PBXFileReference; lastKnownFileType = text.plist.xml; path = Info.plist; sourceTree = "<group>"; };
/* End PBXFileReference section */

/* Begin PBXFrameworksBuildPhase section */
		B6F20B621C438BFA00A270CF /* Frameworks */ = {
			isa = PBXFrameworksBuildPhase;
			buildActionMask = 2147483647;
			files = (
			);
			runOnlyForDeploymentPostprocessing = 0;
		};
		B6FD25BA1C46D58100A08245 /* Frameworks */ = {
			isa = PBXFrameworksBuildPhase;
			buildActionMask = 2147483647;
			files = (
				B6FD25C21C46D58100A08245 /* Suv.framework in Frameworks */,
			);
			runOnlyForDeploymentPostprocessing = 0;
		};
/* End PBXFrameworksBuildPhase section */

/* Begin PBXGroup section */
		B6C2819B1C6A6B5900645BEC /* Tests */ = {
			isa = PBXGroup;
			children = (
				B6E992B61C89E2AA00867A5D /* Suv */,
				B65785C71C6F3866005B98FB /* LinuxMain.swift */,
			);
			name = Tests;
			path = ../Tests;
			sourceTree = "<group>";
		};
		B6E992B61C89E2AA00867A5D /* Suv */ = {
			isa = PBXGroup;
			children = (
				B6E992B71C89E2AA00867A5D /* ChildProcessTests.swift */,
				B6E992B91C89E2AA00867A5D /* DNSTests.swift */,
				B6E992BC1C89E2AA00867A5D /* FsTests.swift */,
				B6E992BD1C89E2AA00867A5D /* IdleTests.swift */,
				B6E992BE1C89E2AA00867A5D /* PipeTests.swift */,
				B6E992BF1C89E2AA00867A5D /* QueueWorkerTests.swift */,
				B6E992C01C89E2AA00867A5D /* TcpTests.swift */,
				B6E992C21C89E2AA00867A5D /* TimerTests.swift */,
				B6E992C11C89E2AA00867A5D /* test_support.swift */,
				B636D7EC1CB24B2800CEC5CD /* ClusterTests.swift */,
				B6082BA61CB2CD6100F58B14 /* OsTests.swift */,
				B6082BC31CB2E65900F58B14 /* BufferTests.swift */,
			);
			path = Suv;
			sourceTree = "<group>";
		};
		B6F20B5C1C438BFA00A270CF = {
			isa = PBXGroup;
			children = (
				B6C2819B1C6A6B5900645BEC /* Tests */,
				B6F20B801C438C4300A270CF /* Sources */,
				B6F20B681C438BFA00A270CF /* Suv */,
				B6FD25BE1C46D58100A08245 /* SuvTests */,
				B6F20B671C438BFA00A270CF /* Products */,
			);
			sourceTree = "<group>";
		};
		B6F20B671C438BFA00A270CF /* Products */ = {
			isa = PBXGroup;
			children = (
				B6F20B661C438BFA00A270CF /* Suv.framework */,
				B6FD25BD1C46D58100A08245 /* Suv.xctest */,
			);
			name = Products;
			sourceTree = "<group>";
		};
		B6F20B681C438BFA00A270CF /* Suv */ = {
			isa = PBXGroup;
			children = (
				B6F20B691C438BFA00A270CF /* Suv.h */,
				B6F20B6B1C438BFA00A270CF /* Info.plist */,
			);
			name = Suv;
			path = SwiftLibUv;
			sourceTree = "<group>";
		};
		B6F20B801C438C4300A270CF /* Sources */ = {
			isa = PBXGroup;
			children = (
				B6F20B811C438C6300A270CF /* Stream.swift */,
				B6F20B851C438C7300A270CF /* Tcp.swift */,
				B69D872E1C43A1B6000D4614 /* SuvError.swift */,
				B68A52C21C456F0A000CC351 /* Address.swift */,
				B68A52C41C456F11000CC351 /* Loop.swift */,
				B68A52C61C456F5F000CC351 /* RunMode.swift */,
				B6FD25A31C46C3D300A08245 /* Buffer.swift */,
				B66AFEE31C52AFB600D7609F /* FS.swift */,
				B632F2811C4B75D200EB3BF1 /* FileReader.swift */,
				B66AFEE51C52B15600D7609F /* FileWriter.swift */,
				B6635D1E1C555FB600D8EE19 /* ChildProcess.swift */,
				B6AE6D2D1C52C7F800E5192F /* SpawnedProcess.swift */,
				B6ECE5CA1C535C3500D5D2C3 /* Spawn.swift */,
				B6ECE5CC1C53647500D5D2C3 /* support.swift */,
				B61CF8B31C554D5500CF6C50 /* Cluster.swift */,
				B6E900611C5670E900795F6B /* Worker.swift */,
				B61CF8B51C554D7B00CF6C50 /* OS.swift */,
				B61B0DE71C56AF54001C73D3 /* String.swift */,
				B6781B601C5745D700497298 /* Pipe.swift */,
				B68A23901CAEFA2200D75386 /* ReadableStream.swift */,
				B68A23911CAEFA2200D75386 /* WritableStream.swift */,
				B6EE150A1C5A7CA300FB0CCA /* Runtime.swift */,
				B6BE3A3A1C5E7C0B005CE911 /* Signal.swift */,
				B622E6541C5FD0B50042859C /* TCPServer.swift */,
				B622E6561C5FD0DA0042859C /* PipeServer.swift */,
				B697FF2C1C5C7C8B00D14C3E /* ServerType.swift */,
				B6ED36EF1C65DEB2005F5986 /* Base64.swift */,
				B6881F411C67D493004F34B1 /* Time.swift */,
				B6F57F8A1C6F97DF00E9A7B5 /* OpenFlag.swift */,
				B6262E691C70D2E200917437 /* FileStat.swift */,
				B6CBB50E1C74E50800F8FCB3 /* DNS.swift */,
				B6CBB5101C74E8B800F8FCB3 /* Result.swift */,
				B6B19FFF1C7630E100E6C595 /* Timer.swift */,
				B6395E361C821A9100DB3084 /* Handle.swift */,
				B6295E921C870FA90084A684 /* QueueWork.swift */,
				B63354DB1C8827FA005EA8D9 /* Idle.swift */,
			);
			name = Sources;
			path = ../Sources;
			sourceTree = "<group>";
		};
		B6FD25BE1C46D58100A08245 /* SuvTests */ = {
			isa = PBXGroup;
			children = (
				B6FD25BF1C46D58100A08245 /* SuvTests.swift */,
				B6FD25C11C46D58100A08245 /* Info.plist */,
			);
			name = SuvTests;
			path = SwiftLibUvTests;
			sourceTree = "<group>";
		};
/* End PBXGroup section */

/* Begin PBXHeadersBuildPhase section */
		B6F20B631C438BFA00A270CF /* Headers */ = {
			isa = PBXHeadersBuildPhase;
			buildActionMask = 2147483647;
			files = (
				B6F20B6A1C438BFA00A270CF /* Suv.h in Headers */,
			);
			runOnlyForDeploymentPostprocessing = 0;
		};
/* End PBXHeadersBuildPhase section */

/* Begin PBXNativeTarget section */
		B6F20B651C438BFA00A270CF /* Suv */ = {
			isa = PBXNativeTarget;
			buildConfigurationList = B6F20B7A1C438BFA00A270CF /* Build configuration list for PBXNativeTarget "Suv" */;
			buildPhases = (
				B6F20B611C438BFA00A270CF /* Sources */,
				B6F20B621C438BFA00A270CF /* Frameworks */,
				B6F20B631C438BFA00A270CF /* Headers */,
				B6F20B641C438BFA00A270CF /* Resources */,
			);
			buildRules = (
			);
			dependencies = (
			);
			name = Suv;
			productName = "swift-libuv";
			productReference = B6F20B661C438BFA00A270CF /* Suv.framework */;
			productType = "com.apple.product-type.framework";
		};
		B6FD25BC1C46D58100A08245 /* SuvTests */ = {
			isa = PBXNativeTarget;
			buildConfigurationList = B6FD25C51C46D58100A08245 /* Build configuration list for PBXNativeTarget "SuvTests" */;
			buildPhases = (
				B6FD25B91C46D58100A08245 /* Sources */,
				B6FD25BA1C46D58100A08245 /* Frameworks */,
				B6FD25BB1C46D58100A08245 /* Resources */,
			);
			buildRules = (
			);
			dependencies = (
				B6FD25C41C46D58100A08245 /* PBXTargetDependency */,
			);
			name = SuvTests;
			productName = SwiftLibUvTests;
			productReference = B6FD25BD1C46D58100A08245 /* Suv.xctest */;
			productType = "com.apple.product-type.bundle.unit-test";
		};
/* End PBXNativeTarget section */

/* Begin PBXProject section */
		B6F20B5D1C438BFA00A270CF /* Project object */ = {
			isa = PBXProject;
			attributes = {
				LastSwiftUpdateCheck = 0720;
				LastUpgradeCheck = 0720;
				ORGANIZATIONNAME = MikeTOKYO;
				TargetAttributes = {
					B6F20B651C438BFA00A270CF = {
						CreatedOnToolsVersion = 7.2;
					};
					B6FD25BC1C46D58100A08245 = {
						CreatedOnToolsVersion = 7.2;
					};
				};
			};
			buildConfigurationList = B6F20B601C438BFA00A270CF /* Build configuration list for PBXProject "Suv" */;
			compatibilityVersion = "Xcode 3.2";
			developmentRegion = English;
			hasScannedForEncodings = 0;
			knownRegions = (
				en,
			);
			mainGroup = B6F20B5C1C438BFA00A270CF;
			productRefGroup = B6F20B671C438BFA00A270CF /* Products */;
			projectDirPath = "";
			projectRoot = "";
			targets = (
				B6F20B651C438BFA00A270CF /* Suv */,
				B6FD25BC1C46D58100A08245 /* SuvTests */,
			);
		};
/* End PBXProject section */

/* Begin PBXResourcesBuildPhase section */
		B6F20B641C438BFA00A270CF /* Resources */ = {
			isa = PBXResourcesBuildPhase;
			buildActionMask = 2147483647;
			files = (
			);
			runOnlyForDeploymentPostprocessing = 0;
		};
		B6FD25BB1C46D58100A08245 /* Resources */ = {
			isa = PBXResourcesBuildPhase;
			buildActionMask = 2147483647;
			files = (
			);
			runOnlyForDeploymentPostprocessing = 0;
		};
/* End PBXResourcesBuildPhase section */

/* Begin PBXSourcesBuildPhase section */
		B6F20B611C438BFA00A270CF /* Sources */ = {
			isa = PBXSourcesBuildPhase;
			buildActionMask = 2147483647;
			files = (
				B697FF2D1C5C7C8B00D14C3E /* ServerType.swift in Sources */,
				B66AFEE61C52B15600D7609F /* FileWriter.swift in Sources */,
				B6262E6A1C70D2E200917437 /* FileStat.swift in Sources */,
				B6881F421C67D493004F34B1 /* Time.swift in Sources */,
				B6BE3A3B1C5E7C0B005CE911 /* Signal.swift in Sources */,
				B63354DC1C8827FA005EA8D9 /* Idle.swift in Sources */,
				B68A23931CAEFA2200D75386 /* WritableStream.swift in Sources */,
				B69D872F1C43A1B6000D4614 /* SuvError.swift in Sources */,
				B6CBB50F1C74E50800F8FCB3 /* DNS.swift in Sources */,
				B68A23921CAEFA2200D75386 /* ReadableStream.swift in Sources */,
				B6EE150B1C5A7CA300FB0CCA /* Runtime.swift in Sources */,
				B61CF8B61C554D7B00CF6C50 /* OS.swift in Sources */,
				B632F2821C4B75D200EB3BF1 /* FileReader.swift in Sources */,
				B6F20B821C438C6300A270CF /* Stream.swift in Sources */,
				B68A52C51C456F11000CC351 /* Loop.swift in Sources */,
				B6F20B861C438C7300A270CF /* Tcp.swift in Sources */,
				B6B1A0001C7630E100E6C595 /* Timer.swift in Sources */,
				B68A52C71C456F5F000CC351 /* RunMode.swift in Sources */,
				B66AFEE41C52AFB600D7609F /* FS.swift in Sources */,
				B6295E931C870FA90084A684 /* QueueWork.swift in Sources */,
				B6CBB5111C74E8B800F8FCB3 /* Result.swift in Sources */,
				B6781B611C5745D700497298 /* Pipe.swift in Sources */,
				B61B0DE81C56AF54001C73D3 /* String.swift in Sources */,
				B6ECE5CD1C53647500D5D2C3 /* support.swift in Sources */,
				B6E900621C5670E900795F6B /* Worker.swift in Sources */,
				B6AE6D2E1C52C7F800E5192F /* SpawnedProcess.swift in Sources */,
				B6395E371C821A9100DB3084 /* Handle.swift in Sources */,
				B6ED36F01C65DEB2005F5986 /* Base64.swift in Sources */,
				B622E6571C5FD0DA0042859C /* PipeServer.swift in Sources */,
				B68A52C31C456F0A000CC351 /* Address.swift in Sources */,
				B6635D1F1C555FB600D8EE19 /* ChildProcess.swift in Sources */,
				B6F57F8B1C6F97DF00E9A7B5 /* OpenFlag.swift in Sources */,
				B61CF8B41C554D5500CF6C50 /* Cluster.swift in Sources */,
				B6FD25A41C46C3D300A08245 /* Buffer.swift in Sources */,
				B6ECE5CB1C535C3500D5D2C3 /* Spawn.swift in Sources */,
				B622E6551C5FD0B50042859C /* TCPServer.swift in Sources */,
			);
			runOnlyForDeploymentPostprocessing = 0;
		};
		B6FD25B91C46D58100A08245 /* Sources */ = {
			isa = PBXSourcesBuildPhase;
			buildActionMask = 2147483647;
			files = (
				B6599BDF1C73B1E800CD70A2 /* Worker.swift in Sources */,
				B6599BDA1C73B1E800CD70A2 /* ChildProcess.swift in Sources */,
				B68033AB1C763BA00075C87C /* Timer.swift in Sources */,
				B6599BCD1C73B1E800CD70A2 /* Stream.swift in Sources */,
				B6599BE11C73B1E800CD70A2 /* String.swift in Sources */,
				B6FD25C01C46D58100A08245 /* SuvTests.swift in Sources */,
				B6599BD51C73B1E800CD70A2 /* Buffer.swift in Sources */,
				B6599BE61C73B1E800CD70A2 /* PipeServer.swift in Sources */,
				B6CBB5141C74E97500F8FCB3 /* Result.swift in Sources */,
				B6599BDE1C73B1E800CD70A2 /* Cluster.swift in Sources */,
				B68A23941CB1912A00D75386 /* ReadableStream.swift in Sources */,
				B6C403531C88C71F00755509 /* QueueWork.swift in Sources */,
				B6599BD31C73B1E800CD70A2 /* Loop.swift in Sources */,
				B6599BD71C73B1E800CD70A2 /* FS.swift in Sources */,
				B6599BE41C73B1E800CD70A2 /* Signal.swift in Sources */,
				B6599BED1C73B1E800CD70A2 /* FileStat.swift in Sources */,
				B6E992D91C89E2B700867A5D /* test_support.swift in Sources */,
				B6599BDD1C73B1E800CD70A2 /* support.swift in Sources */,
				B6E992D11C89E2B700867A5D /* DNSTests.swift in Sources */,
				B6599BEB1C73B1E800CD70A2 /* Time.swift in Sources */,
				B63354DD1C88281B005EA8D9 /* Idle.swift in Sources */,
				B6E992D61C89E2B700867A5D /* PipeTests.swift in Sources */,
				B6599BD11C73B1E800CD70A2 /* SuvError.swift in Sources */,
				B6599BDC1C73B1E800CD70A2 /* Spawn.swift in Sources */,
				B6599BDB1C73B1E800CD70A2 /* SpawnedProcess.swift in Sources */,
				B6599BE21C73B1E800CD70A2 /* Pipe.swift in Sources */,
				B6E992DA1C89E2B700867A5D /* TimerTests.swift in Sources */,
				B6599BEC1C73B1E800CD70A2 /* OpenFlag.swift in Sources */,
				B6599BD01C73B1E800CD70A2 /* Tcp.swift in Sources */,
				B6599BE81C73B1E800CD70A2 /* Base64.swift in Sources */,
				B6395E381C821D6700DB3084 /* Handle.swift in Sources */,
				B6082BC51CB2E6CB00F58B14 /* BufferTests.swift in Sources */,
				B6599BD91C73B1E800CD70A2 /* FileWriter.swift in Sources */,
				B68A23951CB1912D00D75386 /* WritableStream.swift in Sources */,
				B6599BE51C73B1E800CD70A2 /* TCPServer.swift in Sources */,
				B6082BA81CB2CDC600F58B14 /* OsTests.swift in Sources */,
				B6599BE01C73B1E800CD70A2 /* OS.swift in Sources */,
				B6599BE71C73B1E800CD70A2 /* ServerType.swift in Sources */,
				B6E992D81C89E2B700867A5D /* TcpTests.swift in Sources */,
				B6E992D41C89E2B700867A5D /* FsTests.swift in Sources */,
				B6599BD81C73B1E800CD70A2 /* FileReader.swift in Sources */,
				B6E992CF1C89E2B700867A5D /* ChildProcessTests.swift in Sources */,
				B6F972101C74EB1D0010FAEB /* DNS.swift in Sources */,
				B6599BE31C73B1E800CD70A2 /* Runtime.swift in Sources */,
				B66C66531CB26A010066F97D /* ClusterTests.swift in Sources */,
				B6599BD41C73B1E800CD70A2 /* RunMode.swift in Sources */,
				B6E992D51C89E2B700867A5D /* IdleTests.swift in Sources */,
				B6E992D71C89E2B700867A5D /* QueueWorkerTests.swift in Sources */,
				B6599BD21C73B1E800CD70A2 /* Address.swift in Sources */,
			);
			runOnlyForDeploymentPostprocessing = 0;
		};
/* End PBXSourcesBuildPhase section */

/* Begin PBXTargetDependency section */
		B6FD25C41C46D58100A08245 /* PBXTargetDependency */ = {
			isa = PBXTargetDependency;
			target = B6F20B651C438BFA00A270CF /* Suv */;
			targetProxy = B6FD25C31C46D58100A08245 /* PBXContainerItemProxy */;
		};
/* End PBXTargetDependency section */

/* Begin XCBuildConfiguration section */
		B6F20B781C438BFA00A270CF /* Debug */ = {
			isa = XCBuildConfiguration;
			buildSettings = {
				ALWAYS_SEARCH_USER_PATHS = NO;
				CLANG_CXX_LANGUAGE_STANDARD = "gnu++0x";
				CLANG_CXX_LIBRARY = "libc++";
				CLANG_ENABLE_MODULES = YES;
				CLANG_ENABLE_OBJC_ARC = YES;
				CLANG_WARN_BOOL_CONVERSION = YES;
				CLANG_WARN_CONSTANT_CONVERSION = YES;
				CLANG_WARN_DIRECT_OBJC_ISA_USAGE = YES_ERROR;
				CLANG_WARN_EMPTY_BODY = YES;
				CLANG_WARN_ENUM_CONVERSION = YES;
				CLANG_WARN_INT_CONVERSION = YES;
				CLANG_WARN_OBJC_ROOT_CLASS = YES_ERROR;
				CLANG_WARN_UNREACHABLE_CODE = YES;
				CLANG_WARN__DUPLICATE_METHOD_MATCH = YES;
				CODE_SIGN_IDENTITY = "-";
				COPY_PHASE_STRIP = NO;
				CURRENT_PROJECT_VERSION = 1;
				DEBUG_INFORMATION_FORMAT = dwarf;
				ENABLE_STRICT_OBJC_MSGSEND = YES;
				ENABLE_TESTABILITY = YES;
				GCC_C_LANGUAGE_STANDARD = gnu99;
				GCC_DYNAMIC_NO_PIC = NO;
				GCC_NO_COMMON_BLOCKS = YES;
				GCC_OPTIMIZATION_LEVEL = 0;
				GCC_PREPROCESSOR_DEFINITIONS = (
					"DEBUG=1",
					"$(inherited)",
				);
				GCC_WARN_64_TO_32_BIT_CONVERSION = YES;
				GCC_WARN_ABOUT_RETURN_TYPE = YES_ERROR;
				GCC_WARN_UNDECLARED_SELECTOR = YES;
				GCC_WARN_UNINITIALIZED_AUTOS = YES_AGGRESSIVE;
				GCC_WARN_UNUSED_FUNCTION = YES;
				GCC_WARN_UNUSED_VARIABLE = YES;
				MACOSX_DEPLOYMENT_TARGET = 10.11;
				MTL_ENABLE_DEBUG_INFO = YES;
				ONLY_ACTIVE_ARCH = YES;
				SDKROOT = macosx;
				SWIFT_OPTIMIZATION_LEVEL = "-Onone";
				VERSIONING_SYSTEM = "apple-generic";
				VERSION_INFO_PREFIX = "";
			};
			name = Debug;
		};
		B6F20B791C438BFA00A270CF /* Release */ = {
			isa = XCBuildConfiguration;
			buildSettings = {
				ALWAYS_SEARCH_USER_PATHS = NO;
				CLANG_CXX_LANGUAGE_STANDARD = "gnu++0x";
				CLANG_CXX_LIBRARY = "libc++";
				CLANG_ENABLE_MODULES = YES;
				CLANG_ENABLE_OBJC_ARC = YES;
				CLANG_WARN_BOOL_CONVERSION = YES;
				CLANG_WARN_CONSTANT_CONVERSION = YES;
				CLANG_WARN_DIRECT_OBJC_ISA_USAGE = YES_ERROR;
				CLANG_WARN_EMPTY_BODY = YES;
				CLANG_WARN_ENUM_CONVERSION = YES;
				CLANG_WARN_INT_CONVERSION = YES;
				CLANG_WARN_OBJC_ROOT_CLASS = YES_ERROR;
				CLANG_WARN_UNREACHABLE_CODE = YES;
				CLANG_WARN__DUPLICATE_METHOD_MATCH = YES;
				CODE_SIGN_IDENTITY = "-";
				COPY_PHASE_STRIP = NO;
				CURRENT_PROJECT_VERSION = 1;
				DEBUG_INFORMATION_FORMAT = "dwarf-with-dsym";
				ENABLE_NS_ASSERTIONS = NO;
				ENABLE_STRICT_OBJC_MSGSEND = YES;
				ENABLE_TESTABILITY = NO;
				GCC_C_LANGUAGE_STANDARD = gnu99;
				GCC_NO_COMMON_BLOCKS = YES;
				GCC_WARN_64_TO_32_BIT_CONVERSION = YES;
				GCC_WARN_ABOUT_RETURN_TYPE = YES_ERROR;
				GCC_WARN_UNDECLARED_SELECTOR = YES;
				GCC_WARN_UNINITIALIZED_AUTOS = YES_AGGRESSIVE;
				GCC_WARN_UNUSED_FUNCTION = YES;
				GCC_WARN_UNUSED_VARIABLE = YES;
				MACOSX_DEPLOYMENT_TARGET = 10.11;
				MTL_ENABLE_DEBUG_INFO = NO;
				SDKROOT = macosx;
				VERSIONING_SYSTEM = "apple-generic";
				VERSION_INFO_PREFIX = "";
			};
			name = Release;
		};
		B6F20B7B1C438BFA00A270CF /* Debug */ = {
			isa = XCBuildConfiguration;
			buildSettings = {
				CLANG_ENABLE_MODULES = YES;
				COMBINE_HIDPI_IMAGES = YES;
				DEFINES_MODULE = YES;
				DYLIB_COMPATIBILITY_VERSION = 1;
				DYLIB_CURRENT_VERSION = 1;
				DYLIB_INSTALL_NAME_BASE = "@rpath";
				EMBEDDED_CONTENT_CONTAINS_SWIFT = YES;
				FRAMEWORK_VERSION = A;
				HEADER_SEARCH_PATHS = /usr/local/include;
				INFOPLIST_FILE = "$(SRCROOT)/SwiftLibUv/Info.plist";
				INSTALL_PATH = "$(LOCAL_LIBRARY_DIR)/Frameworks";
				LD_RUNPATH_SEARCH_PATHS = "$(inherited) @executable_path/../Frameworks @loader_path/Frameworks";
				LIBRARY_SEARCH_PATHS = (
					"$(inherited)",
					/usr/local/lib,
				);
				PRODUCT_BUNDLE_IDENTIFIER = com.miketokyo.Suv;
				PRODUCT_NAME = Suv;
				SKIP_INSTALL = YES;
				SWIFT_INCLUDE_PATHS = "\"$SRCROOT\"";
				SWIFT_OPTIMIZATION_LEVEL = "-Onone";
			};
			name = Debug;
		};
		B6F20B7C1C438BFA00A270CF /* Release */ = {
			isa = XCBuildConfiguration;
			buildSettings = {
				CLANG_ENABLE_MODULES = YES;
				COMBINE_HIDPI_IMAGES = YES;
				DEFINES_MODULE = YES;
				DYLIB_COMPATIBILITY_VERSION = 1;
				DYLIB_CURRENT_VERSION = 1;
				DYLIB_INSTALL_NAME_BASE = "@rpath";
				EMBEDDED_CONTENT_CONTAINS_SWIFT = YES;
				FRAMEWORK_VERSION = A;
				HEADER_SEARCH_PATHS = /usr/local/include;
				INFOPLIST_FILE = "$(SRCROOT)/SwiftLibUv/Info.plist";
				INSTALL_PATH = "$(LOCAL_LIBRARY_DIR)/Frameworks";
				LD_RUNPATH_SEARCH_PATHS = "$(inherited) @executable_path/../Frameworks @loader_path/Frameworks";
				LIBRARY_SEARCH_PATHS = (
					"$(inherited)",
					/usr/local/lib,
				);
				PRODUCT_BUNDLE_IDENTIFIER = com.miketokyo.Suv;
				PRODUCT_NAME = Suv;
				SKIP_INSTALL = YES;
				SWIFT_INCLUDE_PATHS = "\"$SRCROOT\"";
			};
			name = Release;
		};
		B6FD25C61C46D58100A08245 /* Debug */ = {
			isa = XCBuildConfiguration;
			buildSettings = {
				COMBINE_HIDPI_IMAGES = YES;
				EMBEDDED_CONTENT_CONTAINS_SWIFT = YES;
				HEADER_SEARCH_PATHS = /user/local/include;
				INFOPLIST_FILE = SwiftLibUvTests/Info.plist;
				LD_RUNPATH_SEARCH_PATHS = "$(inherited) @executable_path/../Frameworks @loader_path/../Frameworks";
				LIBRARY_SEARCH_PATHS = /usr/local/lib;
				PRODUCT_BUNDLE_IDENTIFIER = com.miketokyo.SwiftLibUvTests;
				PRODUCT_NAME = Suv;
				SWIFT_INCLUDE_PATHS = "${SRCROOT}";
			};
			name = Debug;
		};
		B6FD25C71C46D58100A08245 /* Release */ = {
			isa = XCBuildConfiguration;
			buildSettings = {
				COMBINE_HIDPI_IMAGES = YES;
				EMBEDDED_CONTENT_CONTAINS_SWIFT = YES;
				HEADER_SEARCH_PATHS = /user/local/include;
				INFOPLIST_FILE = SwiftLibUvTests/Info.plist;
				LD_RUNPATH_SEARCH_PATHS = "$(inherited) @executable_path/../Frameworks @loader_path/../Frameworks";
				LIBRARY_SEARCH_PATHS = /usr/local/lib;
				PRODUCT_BUNDLE_IDENTIFIER = com.miketokyo.SwiftLibUvTests;
				PRODUCT_NAME = Suv;
				SWIFT_INCLUDE_PATHS = "${SRCROOT}";
			};
			name = Release;
		};
/* End XCBuildConfiguration section */

/* Begin XCConfigurationList section */
		B6F20B601C438BFA00A270CF /* Build configuration list for PBXProject "Suv" */ = {
			isa = XCConfigurationList;
			buildConfigurations = (
				B6F20B781C438BFA00A270CF /* Debug */,
				B6F20B791C438BFA00A270CF /* Release */,
			);
			defaultConfigurationIsVisible = 0;
			defaultConfigurationName = Release;
		};
		B6F20B7A1C438BFA00A270CF /* Build configuration list for PBXNativeTarget "Suv" */ = {
			isa = XCConfigurationList;
			buildConfigurations = (
				B6F20B7B1C438BFA00A270CF /* Debug */,
				B6F20B7C1C438BFA00A270CF /* Release */,
			);
			defaultConfigurationIsVisible = 0;
			defaultConfigurationName = Release;
		};
		B6FD25C51C46D58100A08245 /* Build configuration list for PBXNativeTarget "SuvTests" */ = {
			isa = XCConfigurationList;
			buildConfigurations = (
				B6FD25C61C46D58100A08245 /* Debug */,
				B6FD25C71C46D58100A08245 /* Release */,
			);
			defaultConfigurationIsVisible = 0;
			defaultConfigurationName = Release;
		};
/* End XCConfigurationList section */
	};
	rootObject = B6F20B5D1C438BFA00A270CF /* Project object */;
}
